
Microsoft Visual Studio Solution File, Format Version 12.00
# Visual Studio Version 16
VisualStudioVersion = 16.0.28803.916
MinimumVisualStudioVersion = 10.0.40219.1
Project("{FAE04EC0-301F-11D3-BF4B-00C04F79EFBC}") = "WebAppRevisao", "WebAppRevisao\WebAppRevisao.csproj", "{0423C412-BDA5-4E73-846A-031AB129AFC1}"
EndProject
Global
	GlobalSection(SolutionConfigurationPlatforms) = preSolution
		Debug|Any CPU = Debug|Any CPU
		Release|Any CPU = Release|Any CPU
	EndGlobalSection
	GlobalSection(ProjectConfigurationPlatforms) = postSolution
		{0423C412-BDA5-4E73-846A-031AB129AFC1}.Debug|Any CPU.ActiveCfg = Debug|Any CPU
		{0423C412-BDA5-4E73-846A-031AB129AFC1}.Debug|Any CPU.Build.0 = Debug|Any CPU
		{0423C412-BDA5-4E73-846A-031AB129AFC1}.Release|Any CPU.ActiveCfg = Release|Any CPU
		{0423C412-BDA5-4E73-846A-031AB129AFC1}.Release|Any CPU.Build.0 = Release|Any CPU
	EndGlobalSection
	GlobalSection(SolutionProperties) = preSolution
		HideSolutionNode = FALSE
	EndGlobalSection
	GlobalSection(ExtensibilityGlobals) = postSolution
		SolutionGuid = {9F13F5D2-4818-4A19-ADBC-26047FC814DF}
	EndGlobalSection
EndGlobal
